
Microsoft Visual Studio Solution File, Format Version 12.00
# Visual Studio Version 17
VisualStudioVersion = 17.2.32630.192
MinimumVisualStudioVersion = 10.0.40219.1
Project("{FAE04EC0-301F-11D3-BF4B-00C04F79EFBC}") = "CoreScript", "CoreScript\CoreScript.csproj", "{0EFE8759-33E0-4AED-8154-1447D2B70F47}"
EndProject
Project("{2150E333-8FDC-42A3-9474-1A3956D46DE8}") = "Solution Items", "Solution Items", "{89C50E5C-6C66-4ACD-A839-2087B826D546}"
	ProjectSection(SolutionItems) = preProject
		ReadMe.md = ReadMe.md
	EndProjectSection
EndProject
Global
	GlobalSection(SolutionConfigurationPlatforms) = preSolution
		Debug|Any CPU = Debug|Any CPU
		Release|Any CPU = Release|Any CPU
	EndGlobalSection
	GlobalSection(ProjectConfigurationPlatforms) = postSolution
		{0EFE8759-33E0-4AED-8154-1447D2B70F47}.Debug|Any CPU.ActiveCfg = Debug|Any CPU
		{0EFE8759-33E0-4AED-8154-1447D2B70F47}.Debug|Any CPU.Build.0 = Debug|Any CPU
		{0EFE8759-33E0-4AED-8154-1447D2B70F47}.Release|Any CPU.ActiveCfg = Release|Any CPU
		{0EFE8759-33E0-4AED-8154-1447D2B70F47}.Release|Any CPU.Build.0 = Release|Any CPU
	EndGlobalSection
	GlobalSection(SolutionProperties) = preSolution
		HideSolutionNode = FALSE
	EndGlobalSection
	GlobalSection(ExtensibilityGlobals) = postSolution
		SolutionGuid = {B96F9C51-935C-4AF1-835C-4FAA5BE238DB}
	EndGlobalSection
EndGlobal
